
Microsoft Visual Studio Solution File, Format Version 12.00
# Visual Studio 15
VisualStudioVersion = 15.0.26730.8
MinimumVisualStudioVersion = 10.0.40219.1
Project("{FAE04EC0-301F-11D3-BF4B-00C04F79EFBC}") = "Ntree.UI", "Ntree.UI\Ntree.UI.csproj", "{EF836C95-E4E6-4299-B313-F337635221F9}"
EndProject
Project("{FAE04EC0-301F-11D3-BF4B-00C04F79EFBC}") = "Ntree.Data.Entity", "Ntree.Data.Entity\Ntree.Data.Entity.csproj", "{C039E268-B370-42FB-B9FB-CFA658D1E74A}"
EndProject
Project("{FAE04EC0-301F-11D3-BF4B-00C04F79EFBC}") = "Ntree.Domain.Model", "Ntree.Domain.Model\Ntree.Domain.Model.csproj", "{006ADB2C-EF21-4E6D-8FE7-FBB39636D1A0}"
EndProject
Project("{FAE04EC0-301F-11D3-BF4B-00C04F79EFBC}") = "Ntree.Common.Contracts", "Ntree.Common.Contracts\Ntree.Common.Contracts.csproj", "{15B3DF16-59A6-4AC7-A093-2DFFA857AE8A}"
EndProject
Global
	GlobalSection(SolutionConfigurationPlatforms) = preSolution
		Debug|Any CPU = Debug|Any CPU
		Release|Any CPU = Release|Any CPU
	EndGlobalSection
	GlobalSection(ProjectConfigurationPlatforms) = postSolution
		{EF836C95-E4E6-4299-B313-F337635221F9}.Debug|Any CPU.ActiveCfg = Debug|Any CPU
		{EF836C95-E4E6-4299-B313-F337635221F9}.Debug|Any CPU.Build.0 = Debug|Any CPU
		{EF836C95-E4E6-4299-B313-F337635221F9}.Release|Any CPU.ActiveCfg = Release|Any CPU
		{EF836C95-E4E6-4299-B313-F337635221F9}.Release|Any CPU.Build.0 = Release|Any CPU
		{C039E268-B370-42FB-B9FB-CFA658D1E74A}.Debug|Any CPU.ActiveCfg = Debug|Any CPU
		{C039E268-B370-42FB-B9FB-CFA658D1E74A}.Debug|Any CPU.Build.0 = Debug|Any CPU
		{C039E268-B370-42FB-B9FB-CFA658D1E74A}.Release|Any CPU.ActiveCfg = Release|Any CPU
		{C039E268-B370-42FB-B9FB-CFA658D1E74A}.Release|Any CPU.Build.0 = Release|Any CPU
		{006ADB2C-EF21-4E6D-8FE7-FBB39636D1A0}.Debug|Any CPU.ActiveCfg = Debug|Any CPU
		{006ADB2C-EF21-4E6D-8FE7-FBB39636D1A0}.Debug|Any CPU.Build.0 = Debug|Any CPU
		{006ADB2C-EF21-4E6D-8FE7-FBB39636D1A0}.Release|Any CPU.ActiveCfg = Release|Any CPU
		{006ADB2C-EF21-4E6D-8FE7-FBB39636D1A0}.Release|Any CPU.Build.0 = Release|Any CPU
		{15B3DF16-59A6-4AC7-A093-2DFFA857AE8A}.Debug|Any CPU.ActiveCfg = Debug|Any CPU
		{15B3DF16-59A6-4AC7-A093-2DFFA857AE8A}.Debug|Any CPU.Build.0 = Debug|Any CPU
		{15B3DF16-59A6-4AC7-A093-2DFFA857AE8A}.Release|Any CPU.ActiveCfg = Release|Any CPU
		{15B3DF16-59A6-4AC7-A093-2DFFA857AE8A}.Release|Any CPU.Build.0 = Release|Any CPU
	EndGlobalSection
	GlobalSection(SolutionProperties) = preSolution
		HideSolutionNode = FALSE
	EndGlobalSection
	GlobalSection(ExtensibilityGlobals) = postSolution
		SolutionGuid = {CB30935A-D61F-4F0C-81DB-93368EF7405F}
	EndGlobalSection
EndGlobal
